
Microsoft Visual Studio Solution File, Format Version 12.00
# Visual Studio Version 17
VisualStudioVersion = 17.3.32929.385
MinimumVisualStudioVersion = 10.0.40219.1
Project("{9A19103F-16F7-4668-BE54-9A1E7A4F7556}") = "LoLKillers.API", "LoLKillers.API\LoLKillers.API.csproj", "{D07CDECB-FFFA-4A65-B06B-A68175E0FFB1}"
EndProject
Project("{2150E333-8FDC-42A3-9474-1A3956D46DE8}") = "LoLKillers.Documentation", "LoLKillers.Documentation", "{95AE88AE-8A93-48F7-929B-A250C6203544}"
	ProjectSection(SolutionItems) = preProject
		API Notes.txt = API Notes.txt
		LoLKillers.Documentation\Git Notes.txt = LoLKillers.Documentation\Git Notes.txt
		Web App Notes.txt = Web App Notes.txt
	EndProjectSection
EndProject
Global
	GlobalSection(SolutionConfigurationPlatforms) = preSolution
		Debug|Any CPU = Debug|Any CPU
		Release|Any CPU = Release|Any CPU
	EndGlobalSection
	GlobalSection(ProjectConfigurationPlatforms) = postSolution
		{D07CDECB-FFFA-4A65-B06B-A68175E0FFB1}.Debug|Any CPU.ActiveCfg = Debug|Any CPU
		{D07CDECB-FFFA-4A65-B06B-A68175E0FFB1}.Debug|Any CPU.Build.0 = Debug|Any CPU
		{D07CDECB-FFFA-4A65-B06B-A68175E0FFB1}.Release|Any CPU.ActiveCfg = Release|Any CPU
		{D07CDECB-FFFA-4A65-B06B-A68175E0FFB1}.Release|Any CPU.Build.0 = Release|Any CPU
	EndGlobalSection
	GlobalSection(SolutionProperties) = preSolution
		HideSolutionNode = FALSE
	EndGlobalSection
	GlobalSection(ExtensibilityGlobals) = postSolution
		SolutionGuid = {2DC2099A-19C0-4083-AF36-D702A415C057}
	EndGlobalSection
EndGlobal
